
Microsoft Visual Studio Solution File, Format Version 12.00
# Visual Studio Version 16
VisualStudioVersion = 16.0.32126.315
MinimumVisualStudioVersion = 10.0.40219.1
Project("{9A19103F-16F7-4668-BE54-9A1E7A4F7556}") = "TriMania_V1", "TriMania_V1.csproj", "{07A76510-DDB9-43C3-8575-1D0D3781C54A}"
EndProject
Project("{9A19103F-16F7-4668-BE54-9A1E7A4F7556}") = "Infrastructure", "..\Infrastructure\Infrastructure.csproj", "{2A8CFCD1-A11D-4945-82D3-E9A1D44542D4}"
EndProject
Project("{9A19103F-16F7-4668-BE54-9A1E7A4F7556}") = "Domain", "..\Domain\Domain.csproj", "{8F35FAF7-8258-4FEC-9679-A3989C47B4F3}"
EndProject
Project("{9A19103F-16F7-4668-BE54-9A1E7A4F7556}") = "CrossCutting", "..\CrossCutting\CrossCutting.csproj", "{8C764D93-4756-45B6-BE07-B469D2A46ABC}"
EndProject
Project("{9A19103F-16F7-4668-BE54-9A1E7A4F7556}") = "DomainService", "..\DomainService\DomainService.csproj", "{7A6614CD-5A72-4DFA-8BCF-B46EA1F2BF53}"
EndProject
Project("{FAE04EC0-301F-11D3-BF4B-00C04F79EFBC}") = "Core", "..\Core\Core.csproj", "{3705A009-40D8-4FDC-B784-685C97D903F9}"
EndProject
Project("{FAE04EC0-301F-11D3-BF4B-00C04F79EFBC}") = "Infrastructure.Dapper", "..\Infrastructure.Dapper\Infrastructure.Dapper.csproj", "{8DD94562-1B03-44E4-A8DA-839B04374930}"
EndProject
Global
	GlobalSection(SolutionConfigurationPlatforms) = preSolution
		Debug|Any CPU = Debug|Any CPU
		Release|Any CPU = Release|Any CPU
	EndGlobalSection
	GlobalSection(ProjectConfigurationPlatforms) = postSolution
		{07A76510-DDB9-43C3-8575-1D0D3781C54A}.Debug|Any CPU.ActiveCfg = Debug|Any CPU
		{07A76510-DDB9-43C3-8575-1D0D3781C54A}.Debug|Any CPU.Build.0 = Debug|Any CPU
		{07A76510-DDB9-43C3-8575-1D0D3781C54A}.Release|Any CPU.ActiveCfg = Release|Any CPU
		{07A76510-DDB9-43C3-8575-1D0D3781C54A}.Release|Any CPU.Build.0 = Release|Any CPU
		{2A8CFCD1-A11D-4945-82D3-E9A1D44542D4}.Debug|Any CPU.ActiveCfg = Debug|Any CPU
		{2A8CFCD1-A11D-4945-82D3-E9A1D44542D4}.Debug|Any CPU.Build.0 = Debug|Any CPU
		{2A8CFCD1-A11D-4945-82D3-E9A1D44542D4}.Release|Any CPU.ActiveCfg = Release|Any CPU
		{2A8CFCD1-A11D-4945-82D3-E9A1D44542D4}.Release|Any CPU.Build.0 = Release|Any CPU
		{8F35FAF7-8258-4FEC-9679-A3989C47B4F3}.Debug|Any CPU.ActiveCfg = Debug|Any CPU
		{8F35FAF7-8258-4FEC-9679-A3989C47B4F3}.Debug|Any CPU.Build.0 = Debug|Any CPU
		{8F35FAF7-8258-4FEC-9679-A3989C47B4F3}.Release|Any CPU.ActiveCfg = Release|Any CPU
		{8F35FAF7-8258-4FEC-9679-A3989C47B4F3}.Release|Any CPU.Build.0 = Release|Any CPU
		{8C764D93-4756-45B6-BE07-B469D2A46ABC}.Debug|Any CPU.ActiveCfg = Debug|Any CPU
		{8C764D93-4756-45B6-BE07-B469D2A46ABC}.Debug|Any CPU.Build.0 = Debug|Any CPU
		{8C764D93-4756-45B6-BE07-B469D2A46ABC}.Release|Any CPU.ActiveCfg = Release|Any CPU
		{8C764D93-4756-45B6-BE07-B469D2A46ABC}.Release|Any CPU.Build.0 = Release|Any CPU
		{7A6614CD-5A72-4DFA-8BCF-B46EA1F2BF53}.Debug|Any CPU.ActiveCfg = Debug|Any CPU
		{7A6614CD-5A72-4DFA-8BCF-B46EA1F2BF53}.Debug|Any CPU.Build.0 = Debug|Any CPU
		{7A6614CD-5A72-4DFA-8BCF-B46EA1F2BF53}.Release|Any CPU.ActiveCfg = Release|Any CPU
		{7A6614CD-5A72-4DFA-8BCF-B46EA1F2BF53}.Release|Any CPU.Build.0 = Release|Any CPU
		{3705A009-40D8-4FDC-B784-685C97D903F9}.Debug|Any CPU.ActiveCfg = Debug|Any CPU
		{3705A009-40D8-4FDC-B784-685C97D903F9}.Debug|Any CPU.Build.0 = Debug|Any CPU
		{3705A009-40D8-4FDC-B784-685C97D903F9}.Release|Any CPU.ActiveCfg = Release|Any CPU
		{3705A009-40D8-4FDC-B784-685C97D903F9}.Release|Any CPU.Build.0 = Release|Any CPU
		{8DD94562-1B03-44E4-A8DA-839B04374930}.Debug|Any CPU.ActiveCfg = Debug|Any CPU
		{8DD94562-1B03-44E4-A8DA-839B04374930}.Debug|Any CPU.Build.0 = Debug|Any CPU
		{8DD94562-1B03-44E4-A8DA-839B04374930}.Release|Any CPU.ActiveCfg = Release|Any CPU
		{8DD94562-1B03-44E4-A8DA-839B04374930}.Release|Any CPU.Build.0 = Release|Any CPU
	EndGlobalSection
	GlobalSection(SolutionProperties) = preSolution
		HideSolutionNode = FALSE
	EndGlobalSection
	GlobalSection(ExtensibilityGlobals) = postSolution
		SolutionGuid = {CCBBC4AC-03CF-420F-BA4D-A96D8D0539BC}
	EndGlobalSection
EndGlobal
