
Microsoft Visual Studio Solution File, Format Version 12.00
# Visual Studio Version 16
VisualStudioVersion = 16.0.32126.315
MinimumVisualStudioVersion = 10.0.40219.1
Project("{FAE04EC0-301F-11D3-BF4B-00C04F79EFBC}") = "TriMania_V1", "TriMania_V1.csproj", "{66A66037-1C9F-4D98-BBB6-6AAA23FA4B3B}"
EndProject
Global
	GlobalSection(SolutionConfigurationPlatforms) = preSolution
		Debug|Any CPU = Debug|Any CPU
		Release|Any CPU = Release|Any CPU
	EndGlobalSection
	GlobalSection(ProjectConfigurationPlatforms) = postSolution
		{66A66037-1C9F-4D98-BBB6-6AAA23FA4B3B}.Debug|Any CPU.ActiveCfg = Debug|Any CPU
		{66A66037-1C9F-4D98-BBB6-6AAA23FA4B3B}.Debug|Any CPU.Build.0 = Debug|Any CPU
		{66A66037-1C9F-4D98-BBB6-6AAA23FA4B3B}.Release|Any CPU.ActiveCfg = Release|Any CPU
		{66A66037-1C9F-4D98-BBB6-6AAA23FA4B3B}.Release|Any CPU.Build.0 = Release|Any CPU
	EndGlobalSection
	GlobalSection(SolutionProperties) = preSolution
		HideSolutionNode = FALSE
	EndGlobalSection
	GlobalSection(ExtensibilityGlobals) = postSolution
		SolutionGuid = {43701E53-36BD-411A-8DF9-C20D73D2234F}
	EndGlobalSection
EndGlobal
